// !$*UTF8*$!
{
	archiveVersion = 1;
	classes = {
	};
	objectVersion = 46;
	objects = {

/* Begin PBXBuildFile section */
		4CF0114C166173ED004A508E /* Foundation.framework in Frameworks */ = {isa = PBXBuildFile; fileRef = 4CF0114B166173ED004A508E /* Foundation.framework */; };
		4CF0114F166173ED004A508E /* main.m in Sources */ = {isa = PBXBuildFile; fileRef = 4CF0114E166173ED004A508E /* main.m */; };
		4CF01153166173ED004A508E /* tune_control.1 in CopyFiles */ = {isa = PBXBuildFile; fileRef = 4CF01152166173ED004A508E /* tune_control.1 */; };
/* End PBXBuildFile section */

/* Begin PBXCopyFilesBuildPhase section */
		4CF01145166173ED004A508E /* CopyFiles */ = {
			isa = PBXCopyFilesBuildPhase;
			buildActionMask = 2147483647;
			dstPath = /usr/share/man/man1/;
			dstSubfolderSpec = 0;
			files = (
				4CF01153166173ED004A508E /* tune_control.1 in CopyFiles */,
			);
			runOnlyForDeploymentPostprocessing = 1;
		};
/* End PBXCopyFilesBuildPhase section */

/* Begin PBXFileReference section */
		4CF01147166173ED004A508E /* tune-control */ = {isa = PBXFileReference; explicitFileType = "compiled.mach-o.executable"; includeInIndex = 0; path = "tune-control"; sourceTree = BUILT_PRODUCTS_DIR; };
		4CF0114B166173ED004A508E /* Foundation.framework */ = {isa = PBXFileReference; lastKnownFileType = wrapper.framework; name = Foundation.framework; path = System/Library/Frameworks/Foundation.framework; sourceTree = SDKROOT; };
		4CF0114E166173ED004A508E /* main.m */ = {isa = PBXFileReference; lastKnownFileType = sourcecode.c.objc; path = main.m; sourceTree = "<group>"; };
		4CF01151166173ED004A508E /* tune-control-Prefix.pch */ = {isa = PBXFileReference; path = "tune-control-Prefix.pch"; sourceTree = "<group>"; };
		4CF01152166173ED004A508E /* tune_control.1 */ = {isa = PBXFileReference; lastKnownFileType = text.man; path = tune_control.1; sourceTree = "<group>"; };
/* End PBXFileReference section */

/* Begin PBXFrameworksBuildPhase section */
		4CF01144166173ED004A508E /* Frameworks */ = {
			isa = PBXFrameworksBuildPhase;
			buildActionMask = 2147483647;
			files = (
				4CF0114C166173ED004A508E /* Foundation.framework in Frameworks */,
			);
			runOnlyForDeploymentPostprocessing = 0;
		};
/* End PBXFrameworksBuildPhase section */

/* Begin PBXGroup section */
		4CF0113C166173ED004A508E = {
			isa = PBXGroup;
			children = (
				4CF0114D166173ED004A508E /* tune-control */,
				4CF0114A166173ED004A508E /* Frameworks */,
				4CF01148166173ED004A508E /* Products */,
			);
			sourceTree = "<group>";
		};
		4CF01148166173ED004A508E /* Products */ = {
			isa = PBXGroup;
			children = (
				4CF01147166173ED004A508E /* tune-control */,
			);
			name = Products;
			sourceTree = "<group>";
		};
		4CF0114A166173ED004A508E /* Frameworks */ = {
			isa = PBXGroup;
			children = (
				4CF0114B166173ED004A508E /* Foundation.framework */,
			);
			name = Frameworks;
			sourceTree = "<group>";
		};
		4CF0114D166173ED004A508E /* tune-control */ = {
			isa = PBXGroup;
			children = (
				4CF0114E166173ED004A508E /* main.m */,
				4CF01152166173ED004A508E /* tune_control.1 */,
				4CF01150166173ED004A508E /* Supporting Files */,
			);
			path = "tune-control";
			sourceTree = "<group>";
		};
		4CF01150166173ED004A508E /* Supporting Files */ = {
			isa = PBXGroup;
			children = (
				4CF01151166173ED004A508E /* tune-control-Prefix.pch */,
			);
			name = "Supporting Files";
			sourceTree = "<group>";
		};
/* End PBXGroup section */

/* Begin PBXNativeTarget section */
		4CF01146166173ED004A508E /* tune-control */ = {
			isa = PBXNativeTarget;
			buildConfigurationList = 4CF01156166173ED004A508E /* Build configuration list for PBXNativeTarget "tune-control" */;
			buildPhases = (
				4CF01143166173ED004A508E /* Sources */,
				4CF01144166173ED004A508E /* Frameworks */,
				4CF01145166173ED004A508E /* CopyFiles */,
			);
			buildRules = (
			);
			dependencies = (
			);
			name = "tune-control";
			productName = "tune-control";
			productReference = 4CF01147166173ED004A508E /* tune-control */;
			productType = "com.apple.product-type.tool";
		};
/* End PBXNativeTarget section */

/* Begin PBXProject section */
		4CF0113E166173ED004A508E /* Project object */ = {
			isa = PBXProject;
			attributes = {
				LastUpgradeCheck = 0420;
				ORGANIZATIONNAME = BTHLabs;
			};
			buildConfigurationList = 4CF01141166173ED004A508E /* Build configuration list for PBXProject "tune-control" */;
			compatibilityVersion = "Xcode 3.2";
			developmentRegion = English;
			hasScannedForEncodings = 0;
			knownRegions = (
				en,
			);
			mainGroup = 4CF0113C166173ED004A508E;
			productRefGroup = 4CF01148166173ED004A508E /* Products */;
			projectDirPath = "";
			projectRoot = "";
			targets = (
				4CF01146166173ED004A508E /* tune-control */,
			);
		};
/* End PBXProject section */

/* Begin PBXSourcesBuildPhase section */
		4CF01143166173ED004A508E /* Sources */ = {
			isa = PBXSourcesBuildPhase;
			buildActionMask = 2147483647;
			files = (
				4CF0114F166173ED004A508E /* main.m in Sources */,
			);
			runOnlyForDeploymentPostprocessing = 0;
		};
/* End PBXSourcesBuildPhase section */

/* Begin XCBuildConfiguration section */
		4CF01154166173ED004A508E /* Debug */ = {
			isa = XCBuildConfiguration;
			buildSettings = {
				ALWAYS_SEARCH_USER_PATHS = NO;
				ARCHS = "$(ARCHS_STANDARD_64_BIT)";
				COPY_PHASE_STRIP = NO;
				GCC_C_LANGUAGE_STANDARD = gnu99;
				GCC_DYNAMIC_NO_PIC = NO;
				GCC_ENABLE_OBJC_EXCEPTIONS = YES;
				GCC_OPTIMIZATION_LEVEL = 0;
				GCC_PREPROCESSOR_DEFINITIONS = (
					"DEBUG=1",
					"$(inherited)",
				);
				GCC_SYMBOLS_PRIVATE_EXTERN = NO;
				GCC_VERSION = com.apple.compilers.llvm.clang.1_0;
				GCC_WARN_64_TO_32_BIT_CONVERSION = YES;
				GCC_WARN_ABOUT_MISSING_PROTOTYPES = YES;
				GCC_WARN_ABOUT_RETURN_TYPE = YES;
				GCC_WARN_UNUSED_VARIABLE = YES;
				MACOSX_DEPLOYMENT_TARGET = 10.6;
				ONLY_ACTIVE_ARCH = YES;
				SDKROOT = macosx;
			};
			name = Debug;
		};
		4CF01155166173ED004A508E /* Release */ = {
			isa = XCBuildConfiguration;
			buildSettings = {
				ALWAYS_SEARCH_USER_PATHS = NO;
				ARCHS = "$(ARCHS_STANDARD_64_BIT)";
				COPY_PHASE_STRIP = YES;
				DEBUG_INFORMATION_FORMAT = "dwarf-with-dsym";
				GCC_C_LANGUAGE_STANDARD = gnu99;
				GCC_ENABLE_OBJC_EXCEPTIONS = YES;
				GCC_VERSION = com.apple.compilers.llvm.clang.1_0;
				GCC_WARN_64_TO_32_BIT_CONVERSION = YES;
				GCC_WARN_ABOUT_MISSING_PROTOTYPES = YES;
				GCC_WARN_ABOUT_RETURN_TYPE = YES;
				GCC_WARN_UNUSED_VARIABLE = YES;
				MACOSX_DEPLOYMENT_TARGET = 10.6;
				SDKROOT = macosx;
			};
			name = Release;
		};
		4CF01157166173ED004A508E /* Debug */ = {
			isa = XCBuildConfiguration;
			buildSettings = {
				GCC_PRECOMPILE_PREFIX_HEADER = YES;
				GCC_PREFIX_HEADER = "tune-control/tune-control-Prefix.pch";
				PRODUCT_NAME = "$(TARGET_NAME)";
			};
			name = Debug;
		};
		4CF01158166173ED004A508E /* Release */ = {
			isa = XCBuildConfiguration;
			buildSettings = {
				GCC_PRECOMPILE_PREFIX_HEADER = YES;
				GCC_PREFIX_HEADER = "tune-control/tune-control-Prefix.pch";
				PRODUCT_NAME = "$(TARGET_NAME)";
			};
			name = Release;
		};
/* End XCBuildConfiguration section */

/* Begin XCConfigurationList section */
		4CF01141166173ED004A508E /* Build configuration list for PBXProject "tune-control" */ = {
			isa = XCConfigurationList;
			buildConfigurations = (
				4CF01154166173ED004A508E /* Debug */,
				4CF01155166173ED004A508E /* Release */,
			);
			defaultConfigurationIsVisible = 0;
			defaultConfigurationName = Release;
		};
		4CF01156166173ED004A508E /* Build configuration list for PBXNativeTarget "tune-control" */ = {
			isa = XCConfigurationList;
			buildConfigurations = (
				4CF01157166173ED004A508E /* Debug */,
				4CF01158166173ED004A508E /* Release */,
			);
			defaultConfigurationIsVisible = 0;
		};
/* End XCConfigurationList section */
	};
	rootObject = 4CF0113E166173ED004A508E /* Project object */;
}
